{"is_source_file": true, "file_id": 9, "git_revision": "e2bd5801e2cee553a2d69801749bcd3dc55faf6b", "state": 2, "description": "", "external_files": [], "external_methods": [], "published": [], "classes": [], "methods": [], "calls": [], "search-terms": [], "filename": "/tmp/kavia/workspace/code-generation/quickcalc-7119-fc470c40/quickcalc/post_process_status.lock", "hash": "9c4ed7ef73e22b872b8055bec08b8979", "format-version": 4, "code-base-name": "default", "knowledge_revision": 19, "revision_history": [{"19": "e2bd5801e2cee553a2d69801749bcd3dc55faf6b"}]}